
Microsoft Visual Studio Solution File, Format Version 12.00
# Visual Studio Version 17
VisualStudioVersion = 17.4.33205.214
MinimumVisualStudioVersion = 10.0.40219.1
Project("{FAE04EC0-301F-11D3-BF4B-00C04F79EFBC}") = "Projeto01.ConceitosMVC", "Projeto01.ConceitosMVC\Projeto01.ConceitosMVC.csproj", "{98934E66-8612-4798-BC97-0E5656FB9584}"
EndProject
Global
	GlobalSection(SolutionConfigurationPlatforms) = preSolution
		Debug|Any CPU = Debug|Any CPU
		Release|Any CPU = Release|Any CPU
	EndGlobalSection
	GlobalSection(ProjectConfigurationPlatforms) = postSolution
		{98934E66-8612-4798-BC97-0E5656FB9584}.Debug|Any CPU.ActiveCfg = Debug|Any CPU
		{98934E66-8612-4798-BC97-0E5656FB9584}.Debug|Any CPU.Build.0 = Debug|Any CPU
		{98934E66-8612-4798-BC97-0E5656FB9584}.Release|Any CPU.ActiveCfg = Release|Any CPU
		{98934E66-8612-4798-BC97-0E5656FB9584}.Release|Any CPU.Build.0 = Release|Any CPU
	EndGlobalSection
	GlobalSection(SolutionProperties) = preSolution
		HideSolutionNode = FALSE
	EndGlobalSection
	GlobalSection(ExtensibilityGlobals) = postSolution
		SolutionGuid = {5AF542AB-24E3-4411-A7A6-4387C2F0C425}
	EndGlobalSection
EndGlobal
