
Microsoft Visual Studio Solution File, Format Version 12.00
# Visual Studio Version 17
VisualStudioVersion = 17.4.33110.190
MinimumVisualStudioVersion = 10.0.40219.1
Project("{FAE04EC0-301F-11D3-BF4B-00C04F79EFBC}") = "Projeto01_ArraysNumericos", "Projeto01_ArraysNumericos\Projeto01_ArraysNumericos.csproj", "{832462E4-2B0E-456E-A0F7-221EE2293028}"
EndProject
Project("{FAE04EC0-301F-11D3-BF4B-00C04F79EFBC}") = "Projeto02_ArrayString", "Projeto02_ArrayString\Projeto02_ArrayString.csproj", "{F848AFE8-71D1-4D9D-A103-3F164E28ADFB}"
EndProject
Project("{FAE04EC0-301F-11D3-BF4B-00C04F79EFBC}") = "Projeto03_ArrayObjetos", "Projeto03_ArrayObjetos\Projeto03_ArrayObjetos.csproj", "{DEC5772B-32E8-44FC-8173-438E35A8964F}"
EndProject
Global
	GlobalSection(SolutionConfigurationPlatforms) = preSolution
		Debug|Any CPU = Debug|Any CPU
		Release|Any CPU = Release|Any CPU
	EndGlobalSection
	GlobalSection(ProjectConfigurationPlatforms) = postSolution
		{832462E4-2B0E-456E-A0F7-221EE2293028}.Debug|Any CPU.ActiveCfg = Debug|Any CPU
		{832462E4-2B0E-456E-A0F7-221EE2293028}.Debug|Any CPU.Build.0 = Debug|Any CPU
		{832462E4-2B0E-456E-A0F7-221EE2293028}.Release|Any CPU.ActiveCfg = Release|Any CPU
		{832462E4-2B0E-456E-A0F7-221EE2293028}.Release|Any CPU.Build.0 = Release|Any CPU
		{F848AFE8-71D1-4D9D-A103-3F164E28ADFB}.Debug|Any CPU.ActiveCfg = Debug|Any CPU
		{F848AFE8-71D1-4D9D-A103-3F164E28ADFB}.Debug|Any CPU.Build.0 = Debug|Any CPU
		{F848AFE8-71D1-4D9D-A103-3F164E28ADFB}.Release|Any CPU.ActiveCfg = Release|Any CPU
		{F848AFE8-71D1-4D9D-A103-3F164E28ADFB}.Release|Any CPU.Build.0 = Release|Any CPU
		{DEC5772B-32E8-44FC-8173-438E35A8964F}.Debug|Any CPU.ActiveCfg = Debug|Any CPU
		{DEC5772B-32E8-44FC-8173-438E35A8964F}.Debug|Any CPU.Build.0 = Debug|Any CPU
		{DEC5772B-32E8-44FC-8173-438E35A8964F}.Release|Any CPU.ActiveCfg = Release|Any CPU
		{DEC5772B-32E8-44FC-8173-438E35A8964F}.Release|Any CPU.Build.0 = Release|Any CPU
	EndGlobalSection
	GlobalSection(SolutionProperties) = preSolution
		HideSolutionNode = FALSE
	EndGlobalSection
	GlobalSection(ExtensibilityGlobals) = postSolution
		SolutionGuid = {8031CFC8-8536-4B64-A374-7A6F37857772}
	EndGlobalSection
EndGlobal
